// !$*UTF8*$!
{
	archiveVersion = 1;
	classes = {
	};
	objectVersion = 46;
	objects = {

/* Begin PBXBuildFile section */
		428FA8331817DE7F000807FD /* Foundation.framework in Frameworks */ = {isa = PBXBuildFile; fileRef = 428FA8321817DE7F000807FD /* Foundation.framework */; };
		428FA8351817DE7F000807FD /* CoreGraphics.framework in Frameworks */ = {isa = PBXBuildFile; fileRef = 428FA8341817DE7F000807FD /* CoreGraphics.framework */; };
		428FA8371817DE7F000807FD /* UIKit.framework in Frameworks */ = {isa = PBXBuildFile; fileRef = 428FA8361817DE7F000807FD /* UIKit.framework */; };
		428FA83D1817DE7F000807FD /* InfoPlist.strings in Resources */ = {isa = PBXBuildFile; fileRef = 428FA83B1817DE7F000807FD /* InfoPlist.strings */; };
		428FA83F1817DE7F000807FD /* main.m in Sources */ = {isa = PBXBuildFile; fileRef = 428FA83E1817DE7F000807FD /* main.m */; };
		428FA8431817DE7F000807FD /* SYAppDelegate.m in Sources */ = {isa = PBXBuildFile; fileRef = 428FA8421817DE7F000807FD /* SYAppDelegate.m */; };
		428FA8451817DE7F000807FD /* Images.xcassets in Resources */ = {isa = PBXBuildFile; fileRef = 428FA8441817DE7F000807FD /* Images.xcassets */; };
		428FA84C1817DE7F000807FD /* XCTest.framework in Frameworks */ = {isa = PBXBuildFile; fileRef = 428FA84B1817DE7F000807FD /* XCTest.framework */; };
		428FA84D1817DE7F000807FD /* Foundation.framework in Frameworks */ = {isa = PBXBuildFile; fileRef = 428FA8321817DE7F000807FD /* Foundation.framework */; };
		428FA84E1817DE7F000807FD /* UIKit.framework in Frameworks */ = {isa = PBXBuildFile; fileRef = 428FA8361817DE7F000807FD /* UIKit.framework */; };
		428FA8561817DE7F000807FD /* InfoPlist.strings in Resources */ = {isa = PBXBuildFile; fileRef = 428FA8541817DE7F000807FD /* InfoPlist.strings */; };
		428FA8581817DE7F000807FD /* SegmentedControllerTests.m in Sources */ = {isa = PBXBuildFile; fileRef = 428FA8571817DE7F000807FD /* SegmentedControllerTests.m */; };
		428FA8621817DE9B000807FD /* MainStoryboard.storyboard in Resources */ = {isa = PBXBuildFile; fileRef = 428FA8611817DE9B000807FD /* MainStoryboard.storyboard */; };
		428FA8651817DF40000807FD /* SYSegmentedViewController.m in Sources */ = {isa = PBXBuildFile; fileRef = 428FA8641817DF40000807FD /* SYSegmentedViewController.m */; };
		428FA8681817E044000807FD /* SegmentedViewController.m in Sources */ = {isa = PBXBuildFile; fileRef = 428FA8671817E044000807FD /* SegmentedViewController.m */; };
/* End PBXBuildFile section */

/* Begin PBXContainerItemProxy section */
		428FA84F1817DE7F000807FD /* PBXContainerItemProxy */ = {
			isa = PBXContainerItemProxy;
			containerPortal = 428FA8271817DE7F000807FD /* Project object */;
			proxyType = 1;
			remoteGlobalIDString = 428FA82E1817DE7F000807FD;
			remoteInfo = SegmentedController;
		};
/* End PBXContainerItemProxy section */

/* Begin PBXFileReference section */
		428FA82F1817DE7F000807FD /* SegmentedController.app */ = {isa = PBXFileReference; explicitFileType = wrapper.application; includeInIndex = 0; path = SegmentedController.app; sourceTree = BUILT_PRODUCTS_DIR; };
		428FA8321817DE7F000807FD /* Foundation.framework */ = {isa = PBXFileReference; lastKnownFileType = wrapper.framework; name = Foundation.framework; path = System/Library/Frameworks/Foundation.framework; sourceTree = SDKROOT; };
		428FA8341817DE7F000807FD /* CoreGraphics.framework */ = {isa = PBXFileReference; lastKnownFileType = wrapper.framework; name = CoreGraphics.framework; path = System/Library/Frameworks/CoreGraphics.framework; sourceTree = SDKROOT; };
		428FA8361817DE7F000807FD /* UIKit.framework */ = {isa = PBXFileReference; lastKnownFileType = wrapper.framework; name = UIKit.framework; path = System/Library/Frameworks/UIKit.framework; sourceTree = SDKROOT; };
		428FA83A1817DE7F000807FD /* SegmentedController-Info.plist */ = {isa = PBXFileReference; lastKnownFileType = text.plist.xml; path = "SegmentedController-Info.plist"; sourceTree = "<group>"; };
		428FA83C1817DE7F000807FD /* en */ = {isa = PBXFileReference; lastKnownFileType = text.plist.strings; name = en; path = en.lproj/InfoPlist.strings; sourceTree = "<group>"; };
		428FA83E1817DE7F000807FD /* main.m */ = {isa = PBXFileReference; lastKnownFileType = sourcecode.c.objc; path = main.m; sourceTree = "<group>"; };
		428FA8401817DE7F000807FD /* SegmentedController-Prefix.pch */ = {isa = PBXFileReference; lastKnownFileType = sourcecode.c.h; path = "SegmentedController-Prefix.pch"; sourceTree = "<group>"; };
		428FA8411817DE7F000807FD /* SYAppDelegate.h */ = {isa = PBXFileReference; lastKnownFileType = sourcecode.c.h; path = SYAppDelegate.h; sourceTree = "<group>"; };
		428FA8421817DE7F000807FD /* SYAppDelegate.m */ = {isa = PBXFileReference; lastKnownFileType = sourcecode.c.objc; path = SYAppDelegate.m; sourceTree = "<group>"; };
		428FA8441817DE7F000807FD /* Images.xcassets */ = {isa = PBXFileReference; lastKnownFileType = folder.assetcatalog; path = Images.xcassets; sourceTree = "<group>"; };
		428FA84A1817DE7F000807FD /* SegmentedControllerTests.xctest */ = {isa = PBXFileReference; explicitFileType = wrapper.cfbundle; includeInIndex = 0; path = SegmentedControllerTests.xctest; sourceTree = BUILT_PRODUCTS_DIR; };
		428FA84B1817DE7F000807FD /* XCTest.framework */ = {isa = PBXFileReference; lastKnownFileType = wrapper.framework; name = XCTest.framework; path = Library/Frameworks/XCTest.framework; sourceTree = DEVELOPER_DIR; };
		428FA8531817DE7F000807FD /* SegmentedControllerTests-Info.plist */ = {isa = PBXFileReference; lastKnownFileType = text.plist.xml; path = "SegmentedControllerTests-Info.plist"; sourceTree = "<group>"; };
		428FA8551817DE7F000807FD /* en */ = {isa = PBXFileReference; lastKnownFileType = text.plist.strings; name = en; path = en.lproj/InfoPlist.strings; sourceTree = "<group>"; };
		428FA8571817DE7F000807FD /* SegmentedControllerTests.m */ = {isa = PBXFileReference; lastKnownFileType = sourcecode.c.objc; path = SegmentedControllerTests.m; sourceTree = "<group>"; };
		428FA8611817DE9B000807FD /* MainStoryboard.storyboard */ = {isa = PBXFileReference; fileEncoding = 4; lastKnownFileType = file.storyboard; path = MainStoryboard.storyboard; sourceTree = "<group>"; };
		428FA8631817DF40000807FD /* SYSegmentedViewController.h */ = {isa = PBXFileReference; fileEncoding = 4; lastKnownFileType = sourcecode.c.h; path = SYSegmentedViewController.h; sourceTree = "<group>"; };
		428FA8641817DF40000807FD /* SYSegmentedViewController.m */ = {isa = PBXFileReference; fileEncoding = 4; lastKnownFileType = sourcecode.c.objc; path = SYSegmentedViewController.m; sourceTree = "<group>"; };
		428FA8661817E044000807FD /* SegmentedViewController.h */ = {isa = PBXFileReference; fileEncoding = 4; lastKnownFileType = sourcecode.c.h; path = SegmentedViewController.h; sourceTree = "<group>"; };
		428FA8671817E044000807FD /* SegmentedViewController.m */ = {isa = PBXFileReference; fileEncoding = 4; lastKnownFileType = sourcecode.c.objc; path = SegmentedViewController.m; sourceTree = "<group>"; };
/* End PBXFileReference section */

/* Begin PBXFrameworksBuildPhase section */
		428FA82C1817DE7F000807FD /* Frameworks */ = {
			isa = PBXFrameworksBuildPhase;
			buildActionMask = 2147483647;
			files = (
				428FA8351817DE7F000807FD /* CoreGraphics.framework in Frameworks */,
				428FA8371817DE7F000807FD /* UIKit.framework in Frameworks */,
				428FA8331817DE7F000807FD /* Foundation.framework in Frameworks */,
			);
			runOnlyForDeploymentPostprocessing = 0;
		};
		428FA8471817DE7F000807FD /* Frameworks */ = {
			isa = PBXFrameworksBuildPhase;
			buildActionMask = 2147483647;
			files = (
				428FA84C1817DE7F000807FD /* XCTest.framework in Frameworks */,
				428FA84E1817DE7F000807FD /* UIKit.framework in Frameworks */,
				428FA84D1817DE7F000807FD /* Foundation.framework in Frameworks */,
			);
			runOnlyForDeploymentPostprocessing = 0;
		};
/* End PBXFrameworksBuildPhase section */

/* Begin PBXGroup section */
		428FA8261817DE7F000807FD = {
			isa = PBXGroup;
			children = (
				428FA8381817DE7F000807FD /* SegmentedController */,
				428FA8511817DE7F000807FD /* SegmentedControllerTests */,
				428FA8311817DE7F000807FD /* Frameworks */,
				428FA8301817DE7F000807FD /* Products */,
			);
			sourceTree = "<group>";
		};
		428FA8301817DE7F000807FD /* Products */ = {
			isa = PBXGroup;
			children = (
				428FA82F1817DE7F000807FD /* SegmentedController.app */,
				428FA84A1817DE7F000807FD /* SegmentedControllerTests.xctest */,
			);
			name = Products;
			sourceTree = "<group>";
		};
		428FA8311817DE7F000807FD /* Frameworks */ = {
			isa = PBXGroup;
			children = (
				428FA8321817DE7F000807FD /* Foundation.framework */,
				428FA8341817DE7F000807FD /* CoreGraphics.framework */,
				428FA8361817DE7F000807FD /* UIKit.framework */,
				428FA84B1817DE7F000807FD /* XCTest.framework */,
			);
			name = Frameworks;
			sourceTree = "<group>";
		};
		428FA8381817DE7F000807FD /* SegmentedController */ = {
			isa = PBXGroup;
			children = (
				428FA8411817DE7F000807FD /* SYAppDelegate.h */,
				428FA8421817DE7F000807FD /* SYAppDelegate.m */,
				428FA8691817E055000807FD /* Controllers */,
				428FA8611817DE9B000807FD /* MainStoryboard.storyboard */,
				428FA8441817DE7F000807FD /* Images.xcassets */,
				428FA8391817DE7F000807FD /* Supporting Files */,
			);
			path = SegmentedController;
			sourceTree = "<group>";
		};
		428FA8391817DE7F000807FD /* Supporting Files */ = {
			isa = PBXGroup;
			children = (
				428FA83A1817DE7F000807FD /* SegmentedController-Info.plist */,
				428FA83B1817DE7F000807FD /* InfoPlist.strings */,
				428FA83E1817DE7F000807FD /* main.m */,
				428FA8401817DE7F000807FD /* SegmentedController-Prefix.pch */,
			);
			name = "Supporting Files";
			sourceTree = "<group>";
		};
		428FA8511817DE7F000807FD /* SegmentedControllerTests */ = {
			isa = PBXGroup;
			children = (
				428FA8571817DE7F000807FD /* SegmentedControllerTests.m */,
				428FA8521817DE7F000807FD /* Supporting Files */,
			);
			path = SegmentedControllerTests;
			sourceTree = "<group>";
		};
		428FA8521817DE7F000807FD /* Supporting Files */ = {
			isa = PBXGroup;
			children = (
				428FA8531817DE7F000807FD /* SegmentedControllerTests-Info.plist */,
				428FA8541817DE7F000807FD /* InfoPlist.strings */,
			);
			name = "Supporting Files";
			sourceTree = "<group>";
		};
		428FA8691817E055000807FD /* Controllers */ = {
			isa = PBXGroup;
			children = (
				428FA8661817E044000807FD /* SegmentedViewController.h */,
				428FA8671817E044000807FD /* SegmentedViewController.m */,
				428FA8631817DF40000807FD /* SYSegmentedViewController.h */,
				428FA8641817DF40000807FD /* SYSegmentedViewController.m */,
			);
			name = Controllers;
			sourceTree = "<group>";
		};
/* End PBXGroup section */

/* Begin PBXNativeTarget section */
		428FA82E1817DE7F000807FD /* SegmentedController */ = {
			isa = PBXNativeTarget;
			buildConfigurationList = 428FA85B1817DE7F000807FD /* Build configuration list for PBXNativeTarget "SegmentedController" */;
			buildPhases = (
				428FA82B1817DE7F000807FD /* Sources */,
				428FA82C1817DE7F000807FD /* Frameworks */,
				428FA82D1817DE7F000807FD /* Resources */,
			);
			buildRules = (
			);
			dependencies = (
			);
			name = SegmentedController;
			productName = SegmentedController;
			productReference = 428FA82F1817DE7F000807FD /* SegmentedController.app */;
			productType = "com.apple.product-type.application";
		};
		428FA8491817DE7F000807FD /* SegmentedControllerTests */ = {
			isa = PBXNativeTarget;
			buildConfigurationList = 428FA85E1817DE7F000807FD /* Build configuration list for PBXNativeTarget "SegmentedControllerTests" */;
			buildPhases = (
				428FA8461817DE7F000807FD /* Sources */,
				428FA8471817DE7F000807FD /* Frameworks */,
				428FA8481817DE7F000807FD /* Resources */,
			);
			buildRules = (
			);
			dependencies = (
				428FA8501817DE7F000807FD /* PBXTargetDependency */,
			);
			name = SegmentedControllerTests;
			productName = SegmentedControllerTests;
			productReference = 428FA84A1817DE7F000807FD /* SegmentedControllerTests.xctest */;
			productType = "com.apple.product-type.bundle.unit-test";
		};
/* End PBXNativeTarget section */

/* Begin PBXProject section */
		428FA8271817DE7F000807FD /* Project object */ = {
			isa = PBXProject;
			attributes = {
				CLASSPREFIX = SY;
				LastUpgradeCheck = 0500;
				ORGANIZATIONNAME = Tankista;
				TargetAttributes = {
					428FA8491817DE7F000807FD = {
						TestTargetID = 428FA82E1817DE7F000807FD;
					};
				};
			};
			buildConfigurationList = 428FA82A1817DE7F000807FD /* Build configuration list for PBXProject "SegmentedController" */;
			compatibilityVersion = "Xcode 3.2";
			developmentRegion = English;
			hasScannedForEncodings = 0;
			knownRegions = (
				en,
			);
			mainGroup = 428FA8261817DE7F000807FD;
			productRefGroup = 428FA8301817DE7F000807FD /* Products */;
			projectDirPath = "";
			projectRoot = "";
			targets = (
				428FA82E1817DE7F000807FD /* SegmentedController */,
				428FA8491817DE7F000807FD /* SegmentedControllerTests */,
			);
		};
/* End PBXProject section */

/* Begin PBXResourcesBuildPhase section */
		428FA82D1817DE7F000807FD /* Resources */ = {
			isa = PBXResourcesBuildPhase;
			buildActionMask = 2147483647;
			files = (
				428FA8621817DE9B000807FD /* MainStoryboard.storyboard in Resources */,
				428FA83D1817DE7F000807FD /* InfoPlist.strings in Resources */,
				428FA8451817DE7F000807FD /* Images.xcassets in Resources */,
			);
			runOnlyForDeploymentPostprocessing = 0;
		};
		428FA8481817DE7F000807FD /* Resources */ = {
			isa = PBXResourcesBuildPhase;
			buildActionMask = 2147483647;
			files = (
				428FA8561817DE7F000807FD /* InfoPlist.strings in Resources */,
			);
			runOnlyForDeploymentPostprocessing = 0;
		};
/* End PBXResourcesBuildPhase section */

/* Begin PBXSourcesBuildPhase section */
		428FA82B1817DE7F000807FD /* Sources */ = {
			isa = PBXSourcesBuildPhase;
			buildActionMask = 2147483647;
			files = (
				428FA8431817DE7F000807FD /* SYAppDelegate.m in Sources */,
				428FA83F1817DE7F000807FD /* main.m in Sources */,
				428FA8651817DF40000807FD /* SYSegmentedViewController.m in Sources */,
				428FA8681817E044000807FD /* SegmentedViewController.m in Sources */,
			);
			runOnlyForDeploymentPostprocessing = 0;
		};
		428FA8461817DE7F000807FD /* Sources */ = {
			isa = PBXSourcesBuildPhase;
			buildActionMask = 2147483647;
			files = (
				428FA8581817DE7F000807FD /* SegmentedControllerTests.m in Sources */,
			);
			runOnlyForDeploymentPostprocessing = 0;
		};
/* End PBXSourcesBuildPhase section */

/* Begin PBXTargetDependency section */
		428FA8501817DE7F000807FD /* PBXTargetDependency */ = {
			isa = PBXTargetDependency;
			target = 428FA82E1817DE7F000807FD /* SegmentedController */;
			targetProxy = 428FA84F1817DE7F000807FD /* PBXContainerItemProxy */;
		};
/* End PBXTargetDependency section */

/* Begin PBXVariantGroup section */
		428FA83B1817DE7F000807FD /* InfoPlist.strings */ = {
			isa = PBXVariantGroup;
			children = (
				428FA83C1817DE7F000807FD /* en */,
			);
			name = InfoPlist.strings;
			sourceTree = "<group>";
		};
		428FA8541817DE7F000807FD /* InfoPlist.strings */ = {
			isa = PBXVariantGroup;
			children = (
				428FA8551817DE7F000807FD /* en */,
			);
			name = InfoPlist.strings;
			sourceTree = "<group>";
		};
/* End PBXVariantGroup section */

/* Begin XCBuildConfiguration section */
		428FA8591817DE7F000807FD /* Debug */ = {
			isa = XCBuildConfiguration;
			buildSettings = {
				ALWAYS_SEARCH_USER_PATHS = NO;
				ARCHS = "$(ARCHS_STANDARD_INCLUDING_64_BIT)";
				CLANG_CXX_LANGUAGE_STANDARD = "gnu++0x";
				CLANG_CXX_LIBRARY = "libc++";
				CLANG_ENABLE_MODULES = YES;
				CLANG_ENABLE_OBJC_ARC = YES;
				CLANG_WARN_BOOL_CONVERSION = YES;
				CLANG_WARN_CONSTANT_CONVERSION = YES;
				CLANG_WARN_DIRECT_OBJC_ISA_USAGE = YES_ERROR;
				CLANG_WARN_EMPTY_BODY = YES;
				CLANG_WARN_ENUM_CONVERSION = YES;
				CLANG_WARN_INT_CONVERSION = YES;
				CLANG_WARN_OBJC_ROOT_CLASS = YES_ERROR;
				CLANG_WARN__DUPLICATE_METHOD_MATCH = YES;
				"CODE_SIGN_IDENTITY[sdk=iphoneos*]" = "iPhone Developer";
				COPY_PHASE_STRIP = NO;
				GCC_C_LANGUAGE_STANDARD = gnu99;
				GCC_DYNAMIC_NO_PIC = NO;
				GCC_OPTIMIZATION_LEVEL = 0;
				GCC_PREPROCESSOR_DEFINITIONS = (
					"DEBUG=1",
					"$(inherited)",
				);
				GCC_SYMBOLS_PRIVATE_EXTERN = NO;
				GCC_WARN_64_TO_32_BIT_CONVERSION = YES;
				GCC_WARN_ABOUT_RETURN_TYPE = YES_ERROR;
				GCC_WARN_UNDECLARED_SELECTOR = YES;
				GCC_WARN_UNINITIALIZED_AUTOS = YES;
				GCC_WARN_UNUSED_FUNCTION = YES;
				GCC_WARN_UNUSED_VARIABLE = YES;
				IPHONEOS_DEPLOYMENT_TARGET = 7.0;
				ONLY_ACTIVE_ARCH = YES;
				SDKROOT = iphoneos;
			};
			name = Debug;
		};
		428FA85A1817DE7F000807FD /* Release */ = {
			isa = XCBuildConfiguration;
			buildSettings = {
				ALWAYS_SEARCH_USER_PATHS = NO;
				ARCHS = "$(ARCHS_STANDARD_INCLUDING_64_BIT)";
				CLANG_CXX_LANGUAGE_STANDARD = "gnu++0x";
				CLANG_CXX_LIBRARY = "libc++";
				CLANG_ENABLE_MODULES = YES;
				CLANG_ENABLE_OBJC_ARC = YES;
				CLANG_WARN_BOOL_CONVERSION = YES;
				CLANG_WARN_CONSTANT_CONVERSION = YES;
				CLANG_WARN_DIRECT_OBJC_ISA_USAGE = YES_ERROR;
				CLANG_WARN_EMPTY_BODY = YES;
				CLANG_WARN_ENUM_CONVERSION = YES;
				CLANG_WARN_INT_CONVERSION = YES;
				CLANG_WARN_OBJC_ROOT_CLASS = YES_ERROR;
				CLANG_WARN__DUPLICATE_METHOD_MATCH = YES;
				"CODE_SIGN_IDENTITY[sdk=iphoneos*]" = "iPhone Developer";
				COPY_PHASE_STRIP = YES;
				ENABLE_NS_ASSERTIONS = NO;
				GCC_C_LANGUAGE_STANDARD = gnu99;
				GCC_WARN_64_TO_32_BIT_CONVERSION = YES;
				GCC_WARN_ABOUT_RETURN_TYPE = YES_ERROR;
				GCC_WARN_UNDECLARED_SELECTOR = YES;
				GCC_WARN_UNINITIALIZED_AUTOS = YES;
				GCC_WARN_UNUSED_FUNCTION = YES;
				GCC_WARN_UNUSED_VARIABLE = YES;
				IPHONEOS_DEPLOYMENT_TARGET = 7.0;
				SDKROOT = iphoneos;
				VALIDATE_PRODUCT = YES;
			};
			name = Release;
		};
		428FA85C1817DE7F000807FD /* Debug */ = {
			isa = XCBuildConfiguration;
			buildSettings = {
				ASSETCATALOG_COMPILER_APPICON_NAME = AppIcon;
				ASSETCATALOG_COMPILER_LAUNCHIMAGE_NAME = LaunchImage;
				GCC_PRECOMPILE_PREFIX_HEADER = YES;
				GCC_PREFIX_HEADER = "SegmentedController/SegmentedController-Prefix.pch";
				INFOPLIST_FILE = "SegmentedController/SegmentedController-Info.plist";
				PRODUCT_NAME = "$(TARGET_NAME)";
				WRAPPER_EXTENSION = app;
			};
			name = Debug;
		};
		428FA85D1817DE7F000807FD /* Release */ = {
			isa = XCBuildConfiguration;
			buildSettings = {
				ASSETCATALOG_COMPILER_APPICON_NAME = AppIcon;
				ASSETCATALOG_COMPILER_LAUNCHIMAGE_NAME = LaunchImage;
				GCC_PRECOMPILE_PREFIX_HEADER = YES;
				GCC_PREFIX_HEADER = "SegmentedController/SegmentedController-Prefix.pch";
				INFOPLIST_FILE = "SegmentedController/SegmentedController-Info.plist";
				PRODUCT_NAME = "$(TARGET_NAME)";
				WRAPPER_EXTENSION = app;
			};
			name = Release;
		};
		428FA85F1817DE7F000807FD /* Debug */ = {
			isa = XCBuildConfiguration;
			buildSettings = {
				ARCHS = "$(ARCHS_STANDARD_INCLUDING_64_BIT)";
				BUNDLE_LOADER = "$(BUILT_PRODUCTS_DIR)/SegmentedController.app/SegmentedController";
				FRAMEWORK_SEARCH_PATHS = (
					"$(SDKROOT)/Developer/Library/Frameworks",
					"$(inherited)",
					"$(DEVELOPER_FRAMEWORKS_DIR)",
				);
				GCC_PRECOMPILE_PREFIX_HEADER = YES;
				GCC_PREFIX_HEADER = "SegmentedController/SegmentedController-Prefix.pch";
				GCC_PREPROCESSOR_DEFINITIONS = (
					"DEBUG=1",
					"$(inherited)",
				);
				INFOPLIST_FILE = "SegmentedControllerTests/SegmentedControllerTests-Info.plist";
				PRODUCT_NAME = "$(TARGET_NAME)";
				TEST_HOST = "$(BUNDLE_LOADER)";
				WRAPPER_EXTENSION = xctest;
			};
			name = Debug;
		};
		428FA8601817DE7F000807FD /* Release */ = {
			isa = XCBuildConfiguration;
			buildSettings = {
				ARCHS = "$(ARCHS_STANDARD_INCLUDING_64_BIT)";
				BUNDLE_LOADER = "$(BUILT_PRODUCTS_DIR)/SegmentedController.app/SegmentedController";
				FRAMEWORK_SEARCH_PATHS = (
					"$(SDKROOT)/Developer/Library/Frameworks",
					"$(inherited)",
					"$(DEVELOPER_FRAMEWORKS_DIR)",
				);
				GCC_PRECOMPILE_PREFIX_HEADER = YES;
				GCC_PREFIX_HEADER = "SegmentedController/SegmentedController-Prefix.pch";
				INFOPLIST_FILE = "SegmentedControllerTests/SegmentedControllerTests-Info.plist";
				PRODUCT_NAME = "$(TARGET_NAME)";
				TEST_HOST = "$(BUNDLE_LOADER)";
				WRAPPER_EXTENSION = xctest;
			};
			name = Release;
		};
/* End XCBuildConfiguration section */

/* Begin XCConfigurationList section */
		428FA82A1817DE7F000807FD /* Build configuration list for PBXProject "SegmentedController" */ = {
			isa = XCConfigurationList;
			buildConfigurations = (
				428FA8591817DE7F000807FD /* Debug */,
				428FA85A1817DE7F000807FD /* Release */,
			);
			defaultConfigurationIsVisible = 0;
			defaultConfigurationName = Release;
		};
		428FA85B1817DE7F000807FD /* Build configuration list for PBXNativeTarget "SegmentedController" */ = {
			isa = XCConfigurationList;
			buildConfigurations = (
				428FA85C1817DE7F000807FD /* Debug */,
				428FA85D1817DE7F000807FD /* Release */,
			);
			defaultConfigurationIsVisible = 0;
		};
		428FA85E1817DE7F000807FD /* Build configuration list for PBXNativeTarget "SegmentedControllerTests" */ = {
			isa = XCConfigurationList;
			buildConfigurations = (
				428FA85F1817DE7F000807FD /* Debug */,
				428FA8601817DE7F000807FD /* Release */,
			);
			defaultConfigurationIsVisible = 0;
		};
/* End XCConfigurationList section */
	};
	rootObject = 428FA8271817DE7F000807FD /* Project object */;
}
